
Microsoft Visual Studio Solution File, Format Version 12.00
# Visual Studio Version 16
VisualStudioVersion = 16.0.29411.108
MinimumVisualStudioVersion = 10.0.40219.1
Project("{FAE04EC0-301F-11D3-BF4B-00C04F79EFBC}") = "ideal-sniffle", "ideal-sniffle.csproj", "{BDB18E52-E6B3-4F6B-A4A5-63BD6783FB07}"
EndProject
Global
	GlobalSection(SolutionConfigurationPlatforms) = preSolution
		Debug|Any CPU = Debug|Any CPU
		Release|Any CPU = Release|Any CPU
	EndGlobalSection
	GlobalSection(ProjectConfigurationPlatforms) = postSolution
		{BDB18E52-E6B3-4F6B-A4A5-63BD6783FB07}.Debug|Any CPU.ActiveCfg = Debug|Any CPU
		{BDB18E52-E6B3-4F6B-A4A5-63BD6783FB07}.Debug|Any CPU.Build.0 = Debug|Any CPU
		{BDB18E52-E6B3-4F6B-A4A5-63BD6783FB07}.Release|Any CPU.ActiveCfg = Release|Any CPU
		{BDB18E52-E6B3-4F6B-A4A5-63BD6783FB07}.Release|Any CPU.Build.0 = Release|Any CPU
	EndGlobalSection
	GlobalSection(SolutionProperties) = preSolution
		HideSolutionNode = FALSE
	EndGlobalSection
	GlobalSection(ExtensibilityGlobals) = postSolution
		SolutionGuid = {4563A076-F8C8-4323-9C73-1CB7355E45EC}
	EndGlobalSection
EndGlobal
